
Microsoft Visual Studio Solution File, Format Version 12.00
# Visual Studio Version 17
VisualStudioVersion = 17.5.33103.201
MinimumVisualStudioVersion = 10.0.40219.1
Project("{FAE04EC0-301F-11D3-BF4B-00C04F79EFBC}") = "Electronic_Journal", "Electronic_Journal\Electronic_Journal.csproj", "{B84A3123-8EBA-4FA9-8864-782C3C34DEF3}"
EndProject
Project("{FAE04EC0-301F-11D3-BF4B-00C04F79EFBC}") = "ClassLibrary", "ClassLibrary\ClassLibrary.csproj", "{FCED9A6D-4DE1-40D3-A7BC-2853A485B186}"
EndProject
Global
	GlobalSection(SolutionConfigurationPlatforms) = preSolution
		Debug|Any CPU = Debug|Any CPU
		Release|Any CPU = Release|Any CPU
	EndGlobalSection
	GlobalSection(ProjectConfigurationPlatforms) = postSolution
		{B84A3123-8EBA-4FA9-8864-782C3C34DEF3}.Debug|Any CPU.ActiveCfg = Debug|Any CPU
		{B84A3123-8EBA-4FA9-8864-782C3C34DEF3}.Debug|Any CPU.Build.0 = Debug|Any CPU
		{B84A3123-8EBA-4FA9-8864-782C3C34DEF3}.Release|Any CPU.ActiveCfg = Release|Any CPU
		{B84A3123-8EBA-4FA9-8864-782C3C34DEF3}.Release|Any CPU.Build.0 = Release|Any CPU
		{FCED9A6D-4DE1-40D3-A7BC-2853A485B186}.Debug|Any CPU.ActiveCfg = Debug|Any CPU
		{FCED9A6D-4DE1-40D3-A7BC-2853A485B186}.Debug|Any CPU.Build.0 = Debug|Any CPU
		{FCED9A6D-4DE1-40D3-A7BC-2853A485B186}.Release|Any CPU.ActiveCfg = Release|Any CPU
		{FCED9A6D-4DE1-40D3-A7BC-2853A485B186}.Release|Any CPU.Build.0 = Release|Any CPU
	EndGlobalSection
	GlobalSection(SolutionProperties) = preSolution
		HideSolutionNode = FALSE
	EndGlobalSection
	GlobalSection(ExtensibilityGlobals) = postSolution
		SolutionGuid = {B133F805-34BF-4CEA-9F33-9313C89D3899}
	EndGlobalSection
EndGlobal
